// !$*UTF8*$!
{
	archiveVersion = 1;
	classes = {
	};
	objectVersion = 48;
	objects = {

/* Begin PBXBuildFile section */
		0F008487205C588F0087BB12 /* GameScene+SaveLoad.swift in Sources */ = {isa = PBXBuildFile; fileRef = 0F008486205C588F0087BB12 /* GameScene+SaveLoad.swift */; };
		0F008489205C59750087BB12 /* GameScene+Observers.swift in Sources */ = {isa = PBXBuildFile; fileRef = 0F008488205C59750087BB12 /* GameScene+Observers.swift */; };
		0F425563201573420071BA41 /* AppDelegate.swift in Sources */ = {isa = PBXBuildFile; fileRef = 0F425562201573420071BA41 /* AppDelegate.swift */; };
		0F425565201573420071BA41 /* GameScene.sks in Resources */ = {isa = PBXBuildFile; fileRef = 0F425564201573420071BA41 /* GameScene.sks */; };
		0F425567201573420071BA41 /* Actions.sks in Resources */ = {isa = PBXBuildFile; fileRef = 0F425566201573420071BA41 /* Actions.sks */; };
		0F425569201573420071BA41 /* GameScene.swift in Sources */ = {isa = PBXBuildFile; fileRef = 0F425568201573420071BA41 /* GameScene.swift */; };
		0F42556B201573420071BA41 /* GameViewController.swift in Sources */ = {isa = PBXBuildFile; fileRef = 0F42556A201573420071BA41 /* GameViewController.swift */; };
		0F42556E201573420071BA41 /* Main.storyboard in Resources */ = {isa = PBXBuildFile; fileRef = 0F42556C201573420071BA41 /* Main.storyboard */; };
		0F425570201573420071BA41 /* Assets.xcassets in Resources */ = {isa = PBXBuildFile; fileRef = 0F42556F201573420071BA41 /* Assets.xcassets */; };
		0F425573201573420071BA41 /* LaunchScreen.storyboard in Resources */ = {isa = PBXBuildFile; fileRef = 0F425571201573420071BA41 /* LaunchScreen.storyboard */; };
		0F42557E201596B80071BA41 /* Cards.xcassets in Resources */ = {isa = PBXBuildFile; fileRef = 0F42557D201596B80071BA41 /* Cards.xcassets */; };
		0F425580201597D40071BA41 /* Card.swift in Sources */ = {isa = PBXBuildFile; fileRef = 0F42557F201597D40071BA41 /* Card.swift */; };
		0F42558320159C000071BA41 /* GameData.plist in Resources */ = {isa = PBXBuildFile; fileRef = 0F42558220159C000071BA41 /* GameData.plist */; };
		0F4255A92015AB410071BA41 /* GameScene+PropertyLists.swift in Sources */ = {isa = PBXBuildFile; fileRef = 0F4255A82015AB410071BA41 /* GameScene+PropertyLists.swift */; };
		0F42A013204B5EE200ADAA44 /* UIDevice+Extensions.swift in Sources */ = {isa = PBXBuildFile; fileRef = 0F42A012204B5EE200ADAA44 /* UIDevice+Extensions.swift */; };
		0F42A015204CA76C00ADAA44 /* HUD.xcassets in Resources */ = {isa = PBXBuildFile; fileRef = 0F42A014204CA76C00ADAA44 /* HUD.xcassets */; };
		0F525BC2206FF90B002B66C9 /* SpaceBackround.m4a in Resources */ = {isa = PBXBuildFile; fileRef = 0F525BC1206FF90B002B66C9 /* SpaceBackround.m4a */; };
		0F53C32A203BD8EF00081FC6 /* SettingsMenu.xcassets in Resources */ = {isa = PBXBuildFile; fileRef = 0F53C329203BD8EF00081FC6 /* SettingsMenu.xcassets */; };
		0F66F14220329A1C00A3EFDE /* HUD.swift in Sources */ = {isa = PBXBuildFile; fileRef = 0F66F14120329A1C00A3EFDE /* HUD.swift */; };
		0F67CD37203E8B8A004A1DF8 /* BigChill.m4a in Resources */ = {isa = PBXBuildFile; fileRef = 0F67CD36203E8B8A004A1DF8 /* BigChill.m4a */; };
		0F67CD44203E8BD1004A1DF8 /* carddeal0.m4a in Resources */ = {isa = PBXBuildFile; fileRef = 0F67CD39203E8BCF004A1DF8 /* carddeal0.m4a */; };
		0F67CD45203E8BD1004A1DF8 /* carddeal9.m4a in Resources */ = {isa = PBXBuildFile; fileRef = 0F67CD3A203E8BCF004A1DF8 /* carddeal9.m4a */; };
		0F67CD46203E8BD1004A1DF8 /* carddeal4.m4a in Resources */ = {isa = PBXBuildFile; fileRef = 0F67CD3B203E8BCF004A1DF8 /* carddeal4.m4a */; };
		0F67CD47203E8BD1004A1DF8 /* carddeal7.m4a in Resources */ = {isa = PBXBuildFile; fileRef = 0F67CD3C203E8BD0004A1DF8 /* carddeal7.m4a */; };
		0F67CD48203E8BD1004A1DF8 /* carddeal1.m4a in Resources */ = {isa = PBXBuildFile; fileRef = 0F67CD3D203E8BD0004A1DF8 /* carddeal1.m4a */; };
		0F67CD49203E8BD1004A1DF8 /* cardshuffle.m4a in Resources */ = {isa = PBXBuildFile; fileRef = 0F67CD3E203E8BD0004A1DF8 /* cardshuffle.m4a */; };
		0F67CD4A203E8BD1004A1DF8 /* carddeal3.m4a in Resources */ = {isa = PBXBuildFile; fileRef = 0F67CD3F203E8BD0004A1DF8 /* carddeal3.m4a */; };
		0F67CD4B203E8BD1004A1DF8 /* carddeal5.m4a in Resources */ = {isa = PBXBuildFile; fileRef = 0F67CD40203E8BD0004A1DF8 /* carddeal5.m4a */; };
		0F67CD4C203E8BD1004A1DF8 /* carddeal6.m4a in Resources */ = {isa = PBXBuildFile; fileRef = 0F67CD41203E8BD1004A1DF8 /* carddeal6.m4a */; };
		0F67CD4D203E8BD1004A1DF8 /* carddeal2.m4a in Resources */ = {isa = PBXBuildFile; fileRef = 0F67CD42203E8BD1004A1DF8 /* carddeal2.m4a */; };
		0F67CD4E203E8BD1004A1DF8 /* carddeal8.m4a in Resources */ = {isa = PBXBuildFile; fileRef = 0F67CD43203E8BD1004A1DF8 /* carddeal8.m4a */; };
		0F6D088D201CD223000D56DC /* GameScene+Touches.swift in Sources */ = {isa = PBXBuildFile; fileRef = 0F6D088C201CD223000D56DC /* GameScene+Touches.swift */; };
		0F6D088F201CE1F5000D56DC /* Tableau.swift in Sources */ = {isa = PBXBuildFile; fileRef = 0F6D088E201CE1F5000D56DC /* Tableau.swift */; };
		0F6D0891201CE517000D56DC /* CardFoundation.swift in Sources */ = {isa = PBXBuildFile; fileRef = 0F6D0890201CE517000D56DC /* CardFoundation.swift */; };
		0F6D0893201D38C6000D56DC /* GameScene+GamePlay.swift in Sources */ = {isa = PBXBuildFile; fileRef = 0F6D0892201D38C6000D56DC /* GameScene+GamePlay.swift */; };
		0F7847F62026DB3A0092143D /* WastePile.swift in Sources */ = {isa = PBXBuildFile; fileRef = 0F7847F52026DB3A0092143D /* WastePile.swift */; };
		0F798827202F42E9002E3BD4 /* UIColor+CrayolaCrayons.swift in Sources */ = {isa = PBXBuildFile; fileRef = 0F798824202F42E9002E3BD4 /* UIColor+CrayolaCrayons.swift */; };
		0F798828202F42E9002E3BD4 /* UIColor+AppleColoredPencils.swift in Sources */ = {isa = PBXBuildFile; fileRef = 0F798825202F42E9002E3BD4 /* UIColor+AppleColoredPencils.swift */; };
		0F798829202F42E9002E3BD4 /* UIColor+Pantone.swift in Sources */ = {isa = PBXBuildFile; fileRef = 0F798826202F42E9002E3BD4 /* UIColor+Pantone.swift */; };
		0F79882B202F5117002E3BD4 /* GameScene+Undo.swift in Sources */ = {isa = PBXBuildFile; fileRef = 0F79882A202F5117002E3BD4 /* GameScene+Undo.swift */; };
		0F91260C2046745C00C4FC02 /* CardsBigFaced.xcassets in Resources */ = {isa = PBXBuildFile; fileRef = 0F91260B2046745C00C4FC02 /* CardsBigFaced.xcassets */; };
		0FCD8684203FAA810011A2FF /* AudioHelper.swift in Sources */ = {isa = PBXBuildFile; fileRef = 0FCD8683203FAA810011A2FF /* AudioHelper.swift */; };
		0FCD8686203FD00A0011A2FF /* Float+Extensions.swift in Sources */ = {isa = PBXBuildFile; fileRef = 0FCD8685203FD00A0011A2FF /* Float+Extensions.swift */; };
		0FCD8688203FD6CF0011A2FF /* GameScene+SettingsChanged.swift in Sources */ = {isa = PBXBuildFile; fileRef = 0FCD8687203FD6CF0011A2FF /* GameScene+SettingsChanged.swift */; };
		0FD47FA22041B4D600AE82D7 /* NSObject+Extensions.swift in Sources */ = {isa = PBXBuildFile; fileRef = 0FD47FA12041B4D600AE82D7 /* NSObject+Extensions.swift */; };
		0FD47FA620437C3100AE82D7 /* SmallCrowdApplause.m4a in Resources */ = {isa = PBXBuildFile; fileRef = 0FD47FA520437C3100AE82D7 /* SmallCrowdApplause.m4a */; };
		0FE151732016EE2500FC8D2A /* CardDeck.swift in Sources */ = {isa = PBXBuildFile; fileRef = 0FE151722016EE2500FC8D2A /* CardDeck.swift */; };
		0FE151832016F46D00FC8D2A /* SKNode+Extensions.swift in Sources */ = {isa = PBXBuildFile; fileRef = 0FE151772016F46B00FC8D2A /* SKNode+Extensions.swift */; };
		0FE151842016F46D00FC8D2A /* SKAction+SpecialEffects.swift in Sources */ = {isa = PBXBuildFile; fileRef = 0FE151782016F46C00FC8D2A /* SKAction+SpecialEffects.swift */; };
		0FE151852016F46D00FC8D2A /* CGPoint+Extensions.swift in Sources */ = {isa = PBXBuildFile; fileRef = 0FE151792016F46C00FC8D2A /* CGPoint+Extensions.swift */; };
		0FE151862016F46D00FC8D2A /* Int+Extensions.swift in Sources */ = {isa = PBXBuildFile; fileRef = 0FE1517A2016F46C00FC8D2A /* Int+Extensions.swift */; };
		0FE151872016F46D00FC8D2A /* CGVector+Extensions.swift in Sources */ = {isa = PBXBuildFile; fileRef = 0FE1517B2016F46C00FC8D2A /* CGVector+Extensions.swift */; };
		0FE151882016F46D00FC8D2A /* SKAction+Extensions.swift in Sources */ = {isa = PBXBuildFile; fileRef = 0FE1517C2016F46C00FC8D2A /* SKAction+Extensions.swift */; };
		0FE1518A2016F46D00FC8D2A /* CGFloat+Extensions.swift in Sources */ = {isa = PBXBuildFile; fileRef = 0FE1517E2016F46C00FC8D2A /* CGFloat+Extensions.swift */; };
		0FE1518B2016F46D00FC8D2A /* SKTTimingFunctions.swift in Sources */ = {isa = PBXBuildFile; fileRef = 0FE1517F2016F46C00FC8D2A /* SKTTimingFunctions.swift */; };
		0FE1518C2016F46D00FC8D2A /* SKColor+Extensions.swift in Sources */ = {isa = PBXBuildFile; fileRef = 0FE151802016F46D00FC8D2A /* SKColor+Extensions.swift */; };
		0FE1518D2016F46D00FC8D2A /* SKTEffects.swift in Sources */ = {isa = PBXBuildFile; fileRef = 0FE151812016F46D00FC8D2A /* SKTEffects.swift */; };
		0FE1518E2016F46D00FC8D2A /* Vector3.swift in Sources */ = {isa = PBXBuildFile; fileRef = 0FE151822016F46D00FC8D2A /* Vector3.swift */; };
/* End PBXBuildFile section */

/* Begin PBXFileReference section */
		0F008486205C588F0087BB12 /* GameScene+SaveLoad.swift */ = {isa = PBXFileReference; lastKnownFileType = sourcecode.swift; path = "GameScene+SaveLoad.swift"; sourceTree = "<group>"; };
		0F008488205C59750087BB12 /* GameScene+Observers.swift */ = {isa = PBXFileReference; lastKnownFileType = sourcecode.swift; path = "GameScene+Observers.swift"; sourceTree = "<group>"; };
		0F42555F201573420071BA41 /* Solitaire.app */ = {isa = PBXFileReference; explicitFileType = wrapper.application; includeInIndex = 0; path = Solitaire.app; sourceTree = BUILT_PRODUCTS_DIR; };
		0F425562201573420071BA41 /* AppDelegate.swift */ = {isa = PBXFileReference; lastKnownFileType = sourcecode.swift; path = AppDelegate.swift; sourceTree = "<group>"; };
		0F425564201573420071BA41 /* GameScene.sks */ = {isa = PBXFileReference; lastKnownFileType = file.sks; path = GameScene.sks; sourceTree = "<group>"; };
		0F425566201573420071BA41 /* Actions.sks */ = {isa = PBXFileReference; lastKnownFileType = file.sks; path = Actions.sks; sourceTree = "<group>"; };
		0F425568201573420071BA41 /* GameScene.swift */ = {isa = PBXFileReference; lastKnownFileType = sourcecode.swift; path = GameScene.swift; sourceTree = "<group>"; };
		0F42556A201573420071BA41 /* GameViewController.swift */ = {isa = PBXFileReference; lastKnownFileType = sourcecode.swift; path = GameViewController.swift; sourceTree = "<group>"; };
		0F42556D201573420071BA41 /* Base */ = {isa = PBXFileReference; lastKnownFileType = file.storyboard; name = Base; path = Base.lproj/Main.storyboard; sourceTree = "<group>"; };
		0F42556F201573420071BA41 /* Assets.xcassets */ = {isa = PBXFileReference; lastKnownFileType = folder.assetcatalog; path = Assets.xcassets; sourceTree = "<group>"; };
		0F425572201573420071BA41 /* Base */ = {isa = PBXFileReference; lastKnownFileType = file.storyboard; name = Base; path = Base.lproj/LaunchScreen.storyboard; sourceTree = "<group>"; };
		0F425574201573420071BA41 /* Info.plist */ = {isa = PBXFileReference; lastKnownFileType = text.plist.xml; path = Info.plist; sourceTree = "<group>"; };
		0F42557D201596B80071BA41 /* Cards.xcassets */ = {isa = PBXFileReference; lastKnownFileType = folder.assetcatalog; path = Cards.xcassets; sourceTree = "<group>"; };
		0F42557F201597D40071BA41 /* Card.swift */ = {isa = PBXFileReference; lastKnownFileType = sourcecode.swift; path = Card.swift; sourceTree = "<group>"; };
		0F42558220159C000071BA41 /* GameData.plist */ = {isa = PBXFileReference; lastKnownFileType = text.plist.xml; path = GameData.plist; sourceTree = "<group>"; };
		0F4255A82015AB410071BA41 /* GameScene+PropertyLists.swift */ = {isa = PBXFileReference; lastKnownFileType = sourcecode.swift; path = "GameScene+PropertyLists.swift"; sourceTree = "<group>"; };
		0F42A012204B5EE200ADAA44 /* UIDevice+Extensions.swift */ = {isa = PBXFileReference; lastKnownFileType = sourcecode.swift; path = "UIDevice+Extensions.swift"; sourceTree = "<group>"; };
		0F42A014204CA76C00ADAA44 /* HUD.xcassets */ = {isa = PBXFileReference; lastKnownFileType = folder.assetcatalog; path = HUD.xcassets; sourceTree = "<group>"; };
		0F525BC1206FF90B002B66C9 /* SpaceBackround.m4a */ = {isa = PBXFileReference; lastKnownFileType = file; path = SpaceBackround.m4a; sourceTree = "<group>"; };
		0F53C329203BD8EF00081FC6 /* SettingsMenu.xcassets */ = {isa = PBXFileReference; lastKnownFileType = folder.assetcatalog; path = SettingsMenu.xcassets; sourceTree = "<group>"; };
		0F66F14120329A1C00A3EFDE /* HUD.swift */ = {isa = PBXFileReference; lastKnownFileType = sourcecode.swift; path = HUD.swift; sourceTree = "<group>"; };
		0F67CD36203E8B8A004A1DF8 /* BigChill.m4a */ = {isa = PBXFileReference; lastKnownFileType = file; path = BigChill.m4a; sourceTree = "<group>"; };
		0F67CD39203E8BCF004A1DF8 /* carddeal0.m4a */ = {isa = PBXFileReference; lastKnownFileType = file; path = carddeal0.m4a; sourceTree = "<group>"; };
		0F67CD3A203E8BCF004A1DF8 /* carddeal9.m4a */ = {isa = PBXFileReference; lastKnownFileType = file; path = carddeal9.m4a; sourceTree = "<group>"; };
		0F67CD3B203E8BCF004A1DF8 /* carddeal4.m4a */ = {isa = PBXFileReference; lastKnownFileType = file; path = carddeal4.m4a; sourceTree = "<group>"; };
		0F67CD3C203E8BD0004A1DF8 /* carddeal7.m4a */ = {isa = PBXFileReference; lastKnownFileType = file; path = carddeal7.m4a; sourceTree = "<group>"; };
		0F67CD3D203E8BD0004A1DF8 /* carddeal1.m4a */ = {isa = PBXFileReference; lastKnownFileType = file; path = carddeal1.m4a; sourceTree = "<group>"; };
		0F67CD3E203E8BD0004A1DF8 /* cardshuffle.m4a */ = {isa = PBXFileReference; lastKnownFileType = file; path = cardshuffle.m4a; sourceTree = "<group>"; };
		0F67CD3F203E8BD0004A1DF8 /* carddeal3.m4a */ = {isa = PBXFileReference; lastKnownFileType = file; path = carddeal3.m4a; sourceTree = "<group>"; };
		0F67CD40203E8BD0004A1DF8 /* carddeal5.m4a */ = {isa = PBXFileReference; lastKnownFileType = file; path = carddeal5.m4a; sourceTree = "<group>"; };
		0F67CD41203E8BD1004A1DF8 /* carddeal6.m4a */ = {isa = PBXFileReference; lastKnownFileType = file; path = carddeal6.m4a; sourceTree = "<group>"; };
		0F67CD42203E8BD1004A1DF8 /* carddeal2.m4a */ = {isa = PBXFileReference; lastKnownFileType = file; path = carddeal2.m4a; sourceTree = "<group>"; };
		0F67CD43203E8BD1004A1DF8 /* carddeal8.m4a */ = {isa = PBXFileReference; lastKnownFileType = file; path = carddeal8.m4a; sourceTree = "<group>"; };
		0F6D088C201CD223000D56DC /* GameScene+Touches.swift */ = {isa = PBXFileReference; lastKnownFileType = sourcecode.swift; path = "GameScene+Touches.swift"; sourceTree = "<group>"; };
		0F6D088E201CE1F5000D56DC /* Tableau.swift */ = {isa = PBXFileReference; lastKnownFileType = sourcecode.swift; path = Tableau.swift; sourceTree = "<group>"; };
		0F6D0890201CE517000D56DC /* CardFoundation.swift */ = {isa = PBXFileReference; lastKnownFileType = sourcecode.swift; path = CardFoundation.swift; sourceTree = "<group>"; };
		0F6D0892201D38C6000D56DC /* GameScene+GamePlay.swift */ = {isa = PBXFileReference; lastKnownFileType = sourcecode.swift; path = "GameScene+GamePlay.swift"; sourceTree = "<group>"; };
		0F7847F52026DB3A0092143D /* WastePile.swift */ = {isa = PBXFileReference; lastKnownFileType = sourcecode.swift; path = WastePile.swift; sourceTree = "<group>"; };
		0F798824202F42E9002E3BD4 /* UIColor+CrayolaCrayons.swift */ = {isa = PBXFileReference; fileEncoding = 4; lastKnownFileType = sourcecode.swift; path = "UIColor+CrayolaCrayons.swift"; sourceTree = "<group>"; };
		0F798825202F42E9002E3BD4 /* UIColor+AppleColoredPencils.swift */ = {isa = PBXFileReference; fileEncoding = 4; lastKnownFileType = sourcecode.swift; path = "UIColor+AppleColoredPencils.swift"; sourceTree = "<group>"; };
		0F798826202F42E9002E3BD4 /* UIColor+Pantone.swift */ = {isa = PBXFileReference; fileEncoding = 4; lastKnownFileType = sourcecode.swift; path = "UIColor+Pantone.swift"; sourceTree = "<group>"; };
		0F79882A202F5117002E3BD4 /* GameScene+Undo.swift */ = {isa = PBXFileReference; lastKnownFileType = sourcecode.swift; path = "GameScene+Undo.swift"; sourceTree = "<group>"; };
		0F91260B2046745C00C4FC02 /* CardsBigFaced.xcassets */ = {isa = PBXFileReference; lastKnownFileType = folder.assetcatalog; path = CardsBigFaced.xcassets; sourceTree = "<group>"; };
		0FCD8683203FAA810011A2FF /* AudioHelper.swift */ = {isa = PBXFileReference; lastKnownFileType = sourcecode.swift; path = AudioHelper.swift; sourceTree = "<group>"; };
		0FCD8685203FD00A0011A2FF /* Float+Extensions.swift */ = {isa = PBXFileReference; lastKnownFileType = sourcecode.swift; path = "Float+Extensions.swift"; sourceTree = "<group>"; };
		0FCD8687203FD6CF0011A2FF /* GameScene+SettingsChanged.swift */ = {isa = PBXFileReference; lastKnownFileType = sourcecode.swift; path = "GameScene+SettingsChanged.swift"; sourceTree = "<group>"; };
		0FD47FA12041B4D600AE82D7 /* NSObject+Extensions.swift */ = {isa = PBXFileReference; lastKnownFileType = sourcecode.swift; path = "NSObject+Extensions.swift"; sourceTree = "<group>"; };
		0FD47FA520437C3100AE82D7 /* SmallCrowdApplause.m4a */ = {isa = PBXFileReference; lastKnownFileType = file; path = SmallCrowdApplause.m4a; sourceTree = "<group>"; };
		0FE151722016EE2500FC8D2A /* CardDeck.swift */ = {isa = PBXFileReference; lastKnownFileType = sourcecode.swift; path = CardDeck.swift; sourceTree = "<group>"; };
		0FE151772016F46B00FC8D2A /* SKNode+Extensions.swift */ = {isa = PBXFileReference; fileEncoding = 4; lastKnownFileType = sourcecode.swift; path = "SKNode+Extensions.swift"; sourceTree = "<group>"; };
		0FE151782016F46C00FC8D2A /* SKAction+SpecialEffects.swift */ = {isa = PBXFileReference; fileEncoding = 4; lastKnownFileType = sourcecode.swift; path = "SKAction+SpecialEffects.swift"; sourceTree = "<group>"; };
		0FE151792016F46C00FC8D2A /* CGPoint+Extensions.swift */ = {isa = PBXFileReference; fileEncoding = 4; lastKnownFileType = sourcecode.swift; path = "CGPoint+Extensions.swift"; sourceTree = "<group>"; };
		0FE1517A2016F46C00FC8D2A /* Int+Extensions.swift */ = {isa = PBXFileReference; fileEncoding = 4; lastKnownFileType = sourcecode.swift; path = "Int+Extensions.swift"; sourceTree = "<group>"; };
		0FE1517B2016F46C00FC8D2A /* CGVector+Extensions.swift */ = {isa = PBXFileReference; fileEncoding = 4; lastKnownFileType = sourcecode.swift; path = "CGVector+Extensions.swift"; sourceTree = "<group>"; };
		0FE1517C2016F46C00FC8D2A /* SKAction+Extensions.swift */ = {isa = PBXFileReference; fileEncoding = 4; lastKnownFileType = sourcecode.swift; path = "SKAction+Extensions.swift"; sourceTree = "<group>"; };
		0FE1517E2016F46C00FC8D2A /* CGFloat+Extensions.swift */ = {isa = PBXFileReference; fileEncoding = 4; lastKnownFileType = sourcecode.swift; path = "CGFloat+Extensions.swift"; sourceTree = "<group>"; };
		0FE1517F2016F46C00FC8D2A /* SKTTimingFunctions.swift */ = {isa = PBXFileReference; fileEncoding = 4; lastKnownFileType = sourcecode.swift; path = SKTTimingFunctions.swift; sourceTree = "<group>"; };
		0FE151802016F46D00FC8D2A /* SKColor+Extensions.swift */ = {isa = PBXFileReference; fileEncoding = 4; lastKnownFileType = sourcecode.swift; path = "SKColor+Extensions.swift"; sourceTree = "<group>"; };
		0FE151812016F46D00FC8D2A /* SKTEffects.swift */ = {isa = PBXFileReference; fileEncoding = 4; lastKnownFileType = sourcecode.swift; path = SKTEffects.swift; sourceTree = "<group>"; };
		0FE151822016F46D00FC8D2A /* Vector3.swift */ = {isa = PBXFileReference; fileEncoding = 4; lastKnownFileType = sourcecode.swift; path = Vector3.swift; sourceTree = "<group>"; };
/* End PBXFileReference section */

/* Begin PBXFrameworksBuildPhase section */
		0F42555C201573420071BA41 /* Frameworks */ = {
			isa = PBXFrameworksBuildPhase;
			buildActionMask = 2147483647;
			files = (
			);
			runOnlyForDeploymentPostprocessing = 0;
		};
/* End PBXFrameworksBuildPhase section */

/* Begin PBXGroup section */
		0F425556201573420071BA41 = {
			isa = PBXGroup;
			children = (
				0F425561201573420071BA41 /* Solitaire */,
				0F425560201573420071BA41 /* Products */,
			);
			sourceTree = "<group>";
		};
		0F425560201573420071BA41 /* Products */ = {
			isa = PBXGroup;
			children = (
				0F42555F201573420071BA41 /* Solitaire.app */,
			);
			name = Products;
			sourceTree = "<group>";
		};
		0F425561201573420071BA41 /* Solitaire */ = {
			isa = PBXGroup;
			children = (
				0F42556A201573420071BA41 /* GameViewController.swift */,
				0F425568201573420071BA41 /* GameScene.swift */,
				0F66F14120329A1C00A3EFDE /* HUD.swift */,
				0F42557F201597D40071BA41 /* Card.swift */,
				0F6D088E201CE1F5000D56DC /* Tableau.swift */,
				0F6D0890201CE517000D56DC /* CardFoundation.swift */,
				0F7847F52026DB3A0092143D /* WastePile.swift */,
				0FE151722016EE2500FC8D2A /* CardDeck.swift */,
				0F6D0892201D38C6000D56DC /* GameScene+GamePlay.swift */,
				0F008486205C588F0087BB12 /* GameScene+SaveLoad.swift */,
				0F008488205C59750087BB12 /* GameScene+Observers.swift */,
				0FCD8687203FD6CF0011A2FF /* GameScene+SettingsChanged.swift */,
				0F79882A202F5117002E3BD4 /* GameScene+Undo.swift */,
				0F6D088C201CD223000D56DC /* GameScene+Touches.swift */,
				0F4255A82015AB410071BA41 /* GameScene+PropertyLists.swift */,
				0F67CD38203E8BA0004A1DF8 /* Audio */,
				0F42557C201576EA0071BA41 /* Assets */,
				0F42558120159BD70071BA41 /* Data */,
				0F42557B2015768C0071BA41 /* Scenes */,
				0FE151742016F29000FC8D2A /* Utils */,
				0F42557A2015749F0071BA41 /* Supporting Files */,
			);
			path = Solitaire;
			sourceTree = "<group>";
		};
		0F42557A2015749F0071BA41 /* Supporting Files */ = {
			isa = PBXGroup;
			children = (
				0F425562201573420071BA41 /* AppDelegate.swift */,
				0F42556C201573420071BA41 /* Main.storyboard */,
				0F425571201573420071BA41 /* LaunchScreen.storyboard */,
				0F425574201573420071BA41 /* Info.plist */,
			);
			path = "Supporting Files";
			sourceTree = "<group>";
		};
		0F42557B2015768C0071BA41 /* Scenes */ = {
			isa = PBXGroup;
			children = (
				0F425564201573420071BA41 /* GameScene.sks */,
				0F425566201573420071BA41 /* Actions.sks */,
			);
			path = Scenes;
			sourceTree = "<group>";
		};
		0F42557C201576EA0071BA41 /* Assets */ = {
			isa = PBXGroup;
			children = (
				0F42556F201573420071BA41 /* Assets.xcassets */,
				0F42557D201596B80071BA41 /* Cards.xcassets */,
				0F53C329203BD8EF00081FC6 /* SettingsMenu.xcassets */,
				0F91260B2046745C00C4FC02 /* CardsBigFaced.xcassets */,
				0F42A014204CA76C00ADAA44 /* HUD.xcassets */,
			);
			path = Assets;
			sourceTree = "<group>";
		};
		0F42558120159BD70071BA41 /* Data */ = {
			isa = PBXGroup;
			children = (
				0F42558220159C000071BA41 /* GameData.plist */,
			);
			path = Data;
			sourceTree = "<group>";
		};
		0F67CD38203E8BA0004A1DF8 /* Audio */ = {
			isa = PBXGroup;
			children = (
				0F67CD39203E8BCF004A1DF8 /* carddeal0.m4a */,
				0F67CD3D203E8BD0004A1DF8 /* carddeal1.m4a */,
				0F67CD42203E8BD1004A1DF8 /* carddeal2.m4a */,
				0F67CD3F203E8BD0004A1DF8 /* carddeal3.m4a */,
				0F67CD3B203E8BCF004A1DF8 /* carddeal4.m4a */,
				0F67CD40203E8BD0004A1DF8 /* carddeal5.m4a */,
				0F67CD41203E8BD1004A1DF8 /* carddeal6.m4a */,
				0F67CD3C203E8BD0004A1DF8 /* carddeal7.m4a */,
				0F67CD43203E8BD1004A1DF8 /* carddeal8.m4a */,
				0F67CD3A203E8BCF004A1DF8 /* carddeal9.m4a */,
				0F67CD3E203E8BD0004A1DF8 /* cardshuffle.m4a */,
				0FD47FA520437C3100AE82D7 /* SmallCrowdApplause.m4a */,
				0F525BC1206FF90B002B66C9 /* SpaceBackround.m4a */,
				0F67CD36203E8B8A004A1DF8 /* BigChill.m4a */,
			);
			path = Audio;
			sourceTree = "<group>";
		};
		0FE151742016F29000FC8D2A /* Utils */ = {
			isa = PBXGroup;
			children = (
				0FE1517E2016F46C00FC8D2A /* CGFloat+Extensions.swift */,
				0FCD8685203FD00A0011A2FF /* Float+Extensions.swift */,
				0FE151792016F46C00FC8D2A /* CGPoint+Extensions.swift */,
				0FE1517B2016F46C00FC8D2A /* CGVector+Extensions.swift */,
				0FE1517A2016F46C00FC8D2A /* Int+Extensions.swift */,
				0FE1517C2016F46C00FC8D2A /* SKAction+Extensions.swift */,
				0FE151782016F46C00FC8D2A /* SKAction+SpecialEffects.swift */,
				0FE151802016F46D00FC8D2A /* SKColor+Extensions.swift */,
				0FE151772016F46B00FC8D2A /* SKNode+Extensions.swift */,
				0FCD8683203FAA810011A2FF /* AudioHelper.swift */,
				0FE151812016F46D00FC8D2A /* SKTEffects.swift */,
				0FE1517F2016F46C00FC8D2A /* SKTTimingFunctions.swift */,
				0FE151822016F46D00FC8D2A /* Vector3.swift */,
				0F798825202F42E9002E3BD4 /* UIColor+AppleColoredPencils.swift */,
				0F798824202F42E9002E3BD4 /* UIColor+CrayolaCrayons.swift */,
				0F798826202F42E9002E3BD4 /* UIColor+Pantone.swift */,
				0FD47FA12041B4D600AE82D7 /* NSObject+Extensions.swift */,
				0F42A012204B5EE200ADAA44 /* UIDevice+Extensions.swift */,
			);
			path = Utils;
			sourceTree = "<group>";
		};
/* End PBXGroup section */

/* Begin PBXNativeTarget section */
		0F42555E201573420071BA41 /* Solitaire */ = {
			isa = PBXNativeTarget;
			buildConfigurationList = 0F425577201573420071BA41 /* Build configuration list for PBXNativeTarget "Solitaire" */;
			buildPhases = (
				0F42555B201573420071BA41 /* Sources */,
				0F42555C201573420071BA41 /* Frameworks */,
				0F42555D201573420071BA41 /* Resources */,
			);
			buildRules = (
			);
			dependencies = (
			);
			name = Solitaire;
			productName = Solitaire;
			productReference = 0F42555F201573420071BA41 /* Solitaire.app */;
			productType = "com.apple.product-type.application";
		};
/* End PBXNativeTarget section */

/* Begin PBXProject section */
		0F425557201573420071BA41 /* Project object */ = {
			isa = PBXProject;
			attributes = {
				LastSwiftUpdateCheck = 0920;
				LastUpgradeCheck = 0920;
				ORGANIZATIONNAME = "Eric Milhizer";
				TargetAttributes = {
					0F42555E201573420071BA41 = {
						CreatedOnToolsVersion = 9.2;
						ProvisioningStyle = Automatic;
					};
				};
			};
			buildConfigurationList = 0F42555A201573420071BA41 /* Build configuration list for PBXProject "Solitaire" */;
			compatibilityVersion = "Xcode 8.0";
			developmentRegion = en;
			hasScannedForEncodings = 0;
			knownRegions = (
				en,
				Base,
			);
			mainGroup = 0F425556201573420071BA41;
			productRefGroup = 0F425560201573420071BA41 /* Products */;
			projectDirPath = "";
			projectRoot = "";
			targets = (
				0F42555E201573420071BA41 /* Solitaire */,
			);
		};
/* End PBXProject section */

/* Begin PBXResourcesBuildPhase section */
		0F42555D201573420071BA41 /* Resources */ = {
			isa = PBXResourcesBuildPhase;
			buildActionMask = 2147483647;
			files = (
				0F91260C2046745C00C4FC02 /* CardsBigFaced.xcassets in Resources */,
				0F67CD4A203E8BD1004A1DF8 /* carddeal3.m4a in Resources */,
				0F67CD4E203E8BD1004A1DF8 /* carddeal8.m4a in Resources */,
				0F67CD4D203E8BD1004A1DF8 /* carddeal2.m4a in Resources */,
				0F67CD37203E8B8A004A1DF8 /* BigChill.m4a in Resources */,
				0F42556E201573420071BA41 /* Main.storyboard in Resources */,
				0F42557E201596B80071BA41 /* Cards.xcassets in Resources */,
				0F525BC2206FF90B002B66C9 /* SpaceBackround.m4a in Resources */,
				0F425565201573420071BA41 /* GameScene.sks in Resources */,
				0F425570201573420071BA41 /* Assets.xcassets in Resources */,
				0F42A015204CA76C00ADAA44 /* HUD.xcassets in Resources */,
				0F67CD46203E8BD1004A1DF8 /* carddeal4.m4a in Resources */,
				0FD47FA620437C3100AE82D7 /* SmallCrowdApplause.m4a in Resources */,
				0F42558320159C000071BA41 /* GameData.plist in Resources */,
				0F425573201573420071BA41 /* LaunchScreen.storyboard in Resources */,
				0F67CD45203E8BD1004A1DF8 /* carddeal9.m4a in Resources */,
				0F67CD47203E8BD1004A1DF8 /* carddeal7.m4a in Resources */,
				0F67CD44203E8BD1004A1DF8 /* carddeal0.m4a in Resources */,
				0F425567201573420071BA41 /* Actions.sks in Resources */,
				0F67CD48203E8BD1004A1DF8 /* carddeal1.m4a in Resources */,
				0F53C32A203BD8EF00081FC6 /* SettingsMenu.xcassets in Resources */,
				0F67CD49203E8BD1004A1DF8 /* cardshuffle.m4a in Resources */,
				0F67CD4B203E8BD1004A1DF8 /* carddeal5.m4a in Resources */,
				0F67CD4C203E8BD1004A1DF8 /* carddeal6.m4a in Resources */,
			);
			runOnlyForDeploymentPostprocessing = 0;
		};
/* End PBXResourcesBuildPhase section */

/* Begin PBXSourcesBuildPhase section */
		0F42555B201573420071BA41 /* Sources */ = {
			isa = PBXSourcesBuildPhase;
			buildActionMask = 2147483647;
			files = (
				0FE151842016F46D00FC8D2A /* SKAction+SpecialEffects.swift in Sources */,
				0F79882B202F5117002E3BD4 /* GameScene+Undo.swift in Sources */,
				0FE1518B2016F46D00FC8D2A /* SKTTimingFunctions.swift in Sources */,
				0FE151832016F46D00FC8D2A /* SKNode+Extensions.swift in Sources */,
				0FE1518A2016F46D00FC8D2A /* CGFloat+Extensions.swift in Sources */,
				0F6D088D201CD223000D56DC /* GameScene+Touches.swift in Sources */,
				0FE151732016EE2500FC8D2A /* CardDeck.swift in Sources */,
				0F008487205C588F0087BB12 /* GameScene+SaveLoad.swift in Sources */,
				0FD47FA22041B4D600AE82D7 /* NSObject+Extensions.swift in Sources */,
				0F6D0891201CE517000D56DC /* CardFoundation.swift in Sources */,
				0F798829202F42E9002E3BD4 /* UIColor+Pantone.swift in Sources */,
				0FE151882016F46D00FC8D2A /* SKAction+Extensions.swift in Sources */,
				0FCD8686203FD00A0011A2FF /* Float+Extensions.swift in Sources */,
				0F798827202F42E9002E3BD4 /* UIColor+CrayolaCrayons.swift in Sources */,
				0F425569201573420071BA41 /* GameScene.swift in Sources */,
				0FE151872016F46D00FC8D2A /* CGVector+Extensions.swift in Sources */,
				0F7847F62026DB3A0092143D /* WastePile.swift in Sources */,
				0FE151852016F46D00FC8D2A /* CGPoint+Extensions.swift in Sources */,
				0F4255A92015AB410071BA41 /* GameScene+PropertyLists.swift in Sources */,
				0F798828202F42E9002E3BD4 /* UIColor+AppleColoredPencils.swift in Sources */,
				0FE1518C2016F46D00FC8D2A /* SKColor+Extensions.swift in Sources */,
				0F42556B201573420071BA41 /* GameViewController.swift in Sources */,
				0F008489205C59750087BB12 /* GameScene+Observers.swift in Sources */,
				0F425563201573420071BA41 /* AppDelegate.swift in Sources */,
				0F425580201597D40071BA41 /* Card.swift in Sources */,
				0FE1518D2016F46D00FC8D2A /* SKTEffects.swift in Sources */,
				0F6D0893201D38C6000D56DC /* GameScene+GamePlay.swift in Sources */,
				0FE1518E2016F46D00FC8D2A /* Vector3.swift in Sources */,
				0F66F14220329A1C00A3EFDE /* HUD.swift in Sources */,
				0FCD8688203FD6CF0011A2FF /* GameScene+SettingsChanged.swift in Sources */,
				0F6D088F201CE1F5000D56DC /* Tableau.swift in Sources */,
				0F42A013204B5EE200ADAA44 /* UIDevice+Extensions.swift in Sources */,
				0FCD8684203FAA810011A2FF /* AudioHelper.swift in Sources */,
				0FE151862016F46D00FC8D2A /* Int+Extensions.swift in Sources */,
			);
			runOnlyForDeploymentPostprocessing = 0;
		};
/* End PBXSourcesBuildPhase section */

/* Begin PBXVariantGroup section */
		0F42556C201573420071BA41 /* Main.storyboard */ = {
			isa = PBXVariantGroup;
			children = (
				0F42556D201573420071BA41 /* Base */,
			);
			name = Main.storyboard;
			sourceTree = "<group>";
		};
		0F425571201573420071BA41 /* LaunchScreen.storyboard */ = {
			isa = PBXVariantGroup;
			children = (
				0F425572201573420071BA41 /* Base */,
			);
			name = LaunchScreen.storyboard;
			sourceTree = "<group>";
		};
/* End PBXVariantGroup section */

/* Begin XCBuildConfiguration section */
		0F425575201573420071BA41 /* Debug */ = {
			isa = XCBuildConfiguration;
			buildSettings = {
				ALWAYS_SEARCH_USER_PATHS = NO;
				CLANG_ANALYZER_NONNULL = YES;
				CLANG_ANALYZER_NUMBER_OBJECT_CONVERSION = YES_AGGRESSIVE;
				CLANG_CXX_LANGUAGE_STANDARD = "gnu++14";
				CLANG_CXX_LIBRARY = "libc++";
				CLANG_ENABLE_MODULES = YES;
				CLANG_ENABLE_OBJC_ARC = YES;
				CLANG_WARN_BLOCK_CAPTURE_AUTORELEASING = YES;
				CLANG_WARN_BOOL_CONVERSION = YES;
				CLANG_WARN_COMMA = YES;
				CLANG_WARN_CONSTANT_CONVERSION = YES;
				CLANG_WARN_DIRECT_OBJC_ISA_USAGE = YES_ERROR;
				CLANG_WARN_DOCUMENTATION_COMMENTS = YES;
				CLANG_WARN_EMPTY_BODY = YES;
				CLANG_WARN_ENUM_CONVERSION = YES;
				CLANG_WARN_INFINITE_RECURSION = YES;
				CLANG_WARN_INT_CONVERSION = YES;
				CLANG_WARN_NON_LITERAL_NULL_CONVERSION = YES;
				CLANG_WARN_OBJC_LITERAL_CONVERSION = YES;
				CLANG_WARN_OBJC_ROOT_CLASS = YES_ERROR;
				CLANG_WARN_RANGE_LOOP_ANALYSIS = YES;
				CLANG_WARN_STRICT_PROTOTYPES = YES;
				CLANG_WARN_SUSPICIOUS_MOVE = YES;
				CLANG_WARN_UNGUARDED_AVAILABILITY = YES_AGGRESSIVE;
				CLANG_WARN_UNREACHABLE_CODE = YES;
				CLANG_WARN__DUPLICATE_METHOD_MATCH = YES;
				CODE_SIGN_IDENTITY = "iPhone Developer";
				COPY_PHASE_STRIP = NO;
				DEBUG_INFORMATION_FORMAT = dwarf;
				ENABLE_STRICT_OBJC_MSGSEND = YES;
				ENABLE_TESTABILITY = YES;
				GCC_C_LANGUAGE_STANDARD = gnu11;
				GCC_DYNAMIC_NO_PIC = NO;
				GCC_NO_COMMON_BLOCKS = YES;
				GCC_OPTIMIZATION_LEVEL = 0;
				GCC_PREPROCESSOR_DEFINITIONS = (
					"DEBUG=1",
					"$(inherited)",
				);
				GCC_WARN_64_TO_32_BIT_CONVERSION = YES;
				GCC_WARN_ABOUT_RETURN_TYPE = YES_ERROR;
				GCC_WARN_UNDECLARED_SELECTOR = YES;
				GCC_WARN_UNINITIALIZED_AUTOS = YES_AGGRESSIVE;
				GCC_WARN_UNUSED_FUNCTION = YES;
				GCC_WARN_UNUSED_VARIABLE = YES;
				IPHONEOS_DEPLOYMENT_TARGET = 11.2;
				MTL_ENABLE_DEBUG_INFO = YES;
				ONLY_ACTIVE_ARCH = YES;
				SDKROOT = iphoneos;
				SWIFT_ACTIVE_COMPILATION_CONDITIONS = DEBUG;
				SWIFT_OPTIMIZATION_LEVEL = "-Onone";
			};
			name = Debug;
		};
		0F425576201573420071BA41 /* Release */ = {
			isa = XCBuildConfiguration;
			buildSettings = {
				ALWAYS_SEARCH_USER_PATHS = NO;
				CLANG_ANALYZER_NONNULL = YES;
				CLANG_ANALYZER_NUMBER_OBJECT_CONVERSION = YES_AGGRESSIVE;
				CLANG_CXX_LANGUAGE_STANDARD = "gnu++14";
				CLANG_CXX_LIBRARY = "libc++";
				CLANG_ENABLE_MODULES = YES;
				CLANG_ENABLE_OBJC_ARC = YES;
				CLANG_WARN_BLOCK_CAPTURE_AUTORELEASING = YES;
				CLANG_WARN_BOOL_CONVERSION = YES;
				CLANG_WARN_COMMA = YES;
				CLANG_WARN_CONSTANT_CONVERSION = YES;
				CLANG_WARN_DIRECT_OBJC_ISA_USAGE = YES_ERROR;
				CLANG_WARN_DOCUMENTATION_COMMENTS = YES;
				CLANG_WARN_EMPTY_BODY = YES;
				CLANG_WARN_ENUM_CONVERSION = YES;
				CLANG_WARN_INFINITE_RECURSION = YES;
				CLANG_WARN_INT_CONVERSION = YES;
				CLANG_WARN_NON_LITERAL_NULL_CONVERSION = YES;
				CLANG_WARN_OBJC_LITERAL_CONVERSION = YES;
				CLANG_WARN_OBJC_ROOT_CLASS = YES_ERROR;
				CLANG_WARN_RANGE_LOOP_ANALYSIS = YES;
				CLANG_WARN_STRICT_PROTOTYPES = YES;
				CLANG_WARN_SUSPICIOUS_MOVE = YES;
				CLANG_WARN_UNGUARDED_AVAILABILITY = YES_AGGRESSIVE;
				CLANG_WARN_UNREACHABLE_CODE = YES;
				CLANG_WARN__DUPLICATE_METHOD_MATCH = YES;
				CODE_SIGN_IDENTITY = "iPhone Developer";
				COPY_PHASE_STRIP = NO;
				DEBUG_INFORMATION_FORMAT = "dwarf-with-dsym";
				ENABLE_NS_ASSERTIONS = NO;
				ENABLE_STRICT_OBJC_MSGSEND = YES;
				GCC_C_LANGUAGE_STANDARD = gnu11;
				GCC_NO_COMMON_BLOCKS = YES;
				GCC_WARN_64_TO_32_BIT_CONVERSION = YES;
				GCC_WARN_ABOUT_RETURN_TYPE = YES_ERROR;
				GCC_WARN_UNDECLARED_SELECTOR = YES;
				GCC_WARN_UNINITIALIZED_AUTOS = YES_AGGRESSIVE;
				GCC_WARN_UNUSED_FUNCTION = YES;
				GCC_WARN_UNUSED_VARIABLE = YES;
				IPHONEOS_DEPLOYMENT_TARGET = 11.2;
				MTL_ENABLE_DEBUG_INFO = NO;
				SDKROOT = iphoneos;
				SWIFT_OPTIMIZATION_LEVEL = "-Owholemodule";
				VALIDATE_PRODUCT = YES;
			};
			name = Release;
		};
		0F425578201573420071BA41 /* Debug */ = {
			isa = XCBuildConfiguration;
			buildSettings = {
				ASSETCATALOG_COMPILER_APPICON_NAME = AppIcon;
				CODE_SIGN_STYLE = Automatic;
				DEVELOPMENT_TEAM = 7XMA2J8CD9;
				INFOPLIST_FILE = "Solitaire/Supporting Files/Info.plist";
				LD_RUNPATH_SEARCH_PATHS = "$(inherited) @executable_path/Frameworks";
				PRODUCT_BUNDLE_IDENTIFIER = com.tapcircuits.solitaire;
				PRODUCT_NAME = "$(TARGET_NAME)";
				SWIFT_VERSION = 4.0;
				TARGETED_DEVICE_FAMILY = "1,2";
			};
			name = Debug;
		};
		0F425579201573420071BA41 /* Release */ = {
			isa = XCBuildConfiguration;
			buildSettings = {
				ASSETCATALOG_COMPILER_APPICON_NAME = AppIcon;
				CODE_SIGN_STYLE = Automatic;
				DEVELOPMENT_TEAM = 7XMA2J8CD9;
				INFOPLIST_FILE = "Solitaire/Supporting Files/Info.plist";
				LD_RUNPATH_SEARCH_PATHS = "$(inherited) @executable_path/Frameworks";
				PRODUCT_BUNDLE_IDENTIFIER = com.tapcircuits.solitaire;
				PRODUCT_NAME = "$(TARGET_NAME)";
				SWIFT_VERSION = 4.0;
				TARGETED_DEVICE_FAMILY = "1,2";
			};
			name = Release;
		};
/* End XCBuildConfiguration section */

/* Begin XCConfigurationList section */
		0F42555A201573420071BA41 /* Build configuration list for PBXProject "Solitaire" */ = {
			isa = XCConfigurationList;
			buildConfigurations = (
				0F425575201573420071BA41 /* Debug */,
				0F425576201573420071BA41 /* Release */,
			);
			defaultConfigurationIsVisible = 0;
			defaultConfigurationName = Release;
		};
		0F425577201573420071BA41 /* Build configuration list for PBXNativeTarget "Solitaire" */ = {
			isa = XCConfigurationList;
			buildConfigurations = (
				0F425578201573420071BA41 /* Debug */,
				0F425579201573420071BA41 /* Release */,
			);
			defaultConfigurationIsVisible = 0;
			defaultConfigurationName = Release;
		};
/* End XCConfigurationList section */
	};
	rootObject = 0F425557201573420071BA41 /* Project object */;
}
